
Microsoft Visual Studio Solution File, Format Version 12.00
# Visual Studio Version 16
VisualStudioVersion = 16.0.33529.622
MinimumVisualStudioVersion = 10.0.40219.1
Project("{FAE04EC0-301F-11D3-BF4B-00C04F79EFBC}") = "CURD_Opration_5", "CURD_Opration_5.csproj", "{FA9BFE8D-A04E-4A39-A6D6-0C6EA1DBF39D}"
EndProject
Global
	GlobalSection(SolutionConfigurationPlatforms) = preSolution
		Debug|Any CPU = Debug|Any CPU
		Release|Any CPU = Release|Any CPU
	EndGlobalSection
	GlobalSection(ProjectConfigurationPlatforms) = postSolution
		{FA9BFE8D-A04E-4A39-A6D6-0C6EA1DBF39D}.Debug|Any CPU.ActiveCfg = Debug|Any CPU
		{FA9BFE8D-A04E-4A39-A6D6-0C6EA1DBF39D}.Debug|Any CPU.Build.0 = Debug|Any CPU
		{FA9BFE8D-A04E-4A39-A6D6-0C6EA1DBF39D}.Release|Any CPU.ActiveCfg = Release|Any CPU
		{FA9BFE8D-A04E-4A39-A6D6-0C6EA1DBF39D}.Release|Any CPU.Build.0 = Release|Any CPU
	EndGlobalSection
	GlobalSection(SolutionProperties) = preSolution
		HideSolutionNode = FALSE
	EndGlobalSection
	GlobalSection(ExtensibilityGlobals) = postSolution
		SolutionGuid = {8510B064-0AE1-4B79-9106-C3F3B7D7EFF6}
	EndGlobalSection
EndGlobal
